// !$*UTF8*$!
{
	archiveVersion = 1;
	classes = {
	};
	objectVersion = 56;
	objects = {

/* Begin PBXBuildFile section */
		048F678E2BB2481C001E6443 /* AppDelegate.swift in Sources */ = {isa = PBXBuildFile; fileRef = 048F678D2BB2481C001E6443 /* AppDelegate.swift */; };
		048F67902BB2481C001E6443 /* SceneDelegate.swift in Sources */ = {isa = PBXBuildFile; fileRef = 048F678F2BB2481C001E6443 /* SceneDelegate.swift */; };
		048F67922BB2481C001E6443 /* ViewController.swift in Sources */ = {isa = PBXBuildFile; fileRef = 048F67912BB2481C001E6443 /* ViewController.swift */; };
		048F67952BB2481C001E6443 /* Main.storyboard in Resources */ = {isa = PBXBuildFile; fileRef = 048F67932BB2481C001E6443 /* Main.storyboard */; };
		048F67982BB2481C001E6443 /* GitMate.xcdatamodeld in Sources */ = {isa = PBXBuildFile; fileRef = 048F67962BB2481C001E6443 /* GitMate.xcdatamodeld */; };
		048F679A2BB2481E001E6443 /* Assets.xcassets in Resources */ = {isa = PBXBuildFile; fileRef = 048F67992BB2481E001E6443 /* Assets.xcassets */; };
		048F679D2BB2481E001E6443 /* LaunchScreen.storyboard in Resources */ = {isa = PBXBuildFile; fileRef = 048F679B2BB2481E001E6443 /* LaunchScreen.storyboard */; };
		048F67A82BB2481E001E6443 /* GitMateTests.swift in Sources */ = {isa = PBXBuildFile; fileRef = 048F67A72BB2481E001E6443 /* GitMateTests.swift */; };
		048F67B22BB2481E001E6443 /* GitMateUITests.swift in Sources */ = {isa = PBXBuildFile; fileRef = 048F67B12BB2481E001E6443 /* GitMateUITests.swift */; };
		048F67B42BB2481E001E6443 /* GitMateUITestsLaunchTests.swift in Sources */ = {isa = PBXBuildFile; fileRef = 048F67B32BB2481E001E6443 /* GitMateUITestsLaunchTests.swift */; };
/* End PBXBuildFile section */

/* Begin PBXContainerItemProxy section */
		048F67A42BB2481E001E6443 /* PBXContainerItemProxy */ = {
			isa = PBXContainerItemProxy;
			containerPortal = 048F67822BB2481C001E6443 /* Project object */;
			proxyType = 1;
			remoteGlobalIDString = 048F67892BB2481C001E6443;
			remoteInfo = GitMate;
		};
		048F67AE2BB2481E001E6443 /* PBXContainerItemProxy */ = {
			isa = PBXContainerItemProxy;
			containerPortal = 048F67822BB2481C001E6443 /* Project object */;
			proxyType = 1;
			remoteGlobalIDString = 048F67892BB2481C001E6443;
			remoteInfo = GitMate;
		};
/* End PBXContainerItemProxy section */

/* Begin PBXFileReference section */
		048F678A2BB2481C001E6443 /* GitMate.app */ = {isa = PBXFileReference; explicitFileType = wrapper.application; includeInIndex = 0; path = GitMate.app; sourceTree = BUILT_PRODUCTS_DIR; };
		048F678D2BB2481C001E6443 /* AppDelegate.swift */ = {isa = PBXFileReference; lastKnownFileType = sourcecode.swift; path = AppDelegate.swift; sourceTree = "<group>"; };
		048F678F2BB2481C001E6443 /* SceneDelegate.swift */ = {isa = PBXFileReference; lastKnownFileType = sourcecode.swift; path = SceneDelegate.swift; sourceTree = "<group>"; };
		048F67912BB2481C001E6443 /* ViewController.swift */ = {isa = PBXFileReference; lastKnownFileType = sourcecode.swift; path = ViewController.swift; sourceTree = "<group>"; };
		048F67942BB2481C001E6443 /* Base */ = {isa = PBXFileReference; lastKnownFileType = file.storyboard; name = Base; path = Base.lproj/Main.storyboard; sourceTree = "<group>"; };
		048F67972BB2481C001E6443 /* GitMate.xcdatamodel */ = {isa = PBXFileReference; lastKnownFileType = wrapper.xcdatamodel; path = GitMate.xcdatamodel; sourceTree = "<group>"; };
		048F67992BB2481E001E6443 /* Assets.xcassets */ = {isa = PBXFileReference; lastKnownFileType = folder.assetcatalog; path = Assets.xcassets; sourceTree = "<group>"; };
		048F679C2BB2481E001E6443 /* Base */ = {isa = PBXFileReference; lastKnownFileType = file.storyboard; name = Base; path = Base.lproj/LaunchScreen.storyboard; sourceTree = "<group>"; };
		048F679E2BB2481E001E6443 /* Info.plist */ = {isa = PBXFileReference; lastKnownFileType = text.plist.xml; path = Info.plist; sourceTree = "<group>"; };
		048F67A32BB2481E001E6443 /* GitMateTests.xctest */ = {isa = PBXFileReference; explicitFileType = wrapper.cfbundle; includeInIndex = 0; path = GitMateTests.xctest; sourceTree = BUILT_PRODUCTS_DIR; };
		048F67A72BB2481E001E6443 /* GitMateTests.swift */ = {isa = PBXFileReference; lastKnownFileType = sourcecode.swift; path = GitMateTests.swift; sourceTree = "<group>"; };
		048F67AD2BB2481E001E6443 /* GitMateUITests.xctest */ = {isa = PBXFileReference; explicitFileType = wrapper.cfbundle; includeInIndex = 0; path = GitMateUITests.xctest; sourceTree = BUILT_PRODUCTS_DIR; };
		048F67B12BB2481E001E6443 /* GitMateUITests.swift */ = {isa = PBXFileReference; lastKnownFileType = sourcecode.swift; path = GitMateUITests.swift; sourceTree = "<group>"; };
		048F67B32BB2481E001E6443 /* GitMateUITestsLaunchTests.swift */ = {isa = PBXFileReference; lastKnownFileType = sourcecode.swift; path = GitMateUITestsLaunchTests.swift; sourceTree = "<group>"; };
/* End PBXFileReference section */

/* Begin PBXFrameworksBuildPhase section */
		048F67872BB2481C001E6443 /* Frameworks */ = {
			isa = PBXFrameworksBuildPhase;
			buildActionMask = 2147483647;
			files = (
			);
			runOnlyForDeploymentPostprocessing = 0;
		};
		048F67A02BB2481E001E6443 /* Frameworks */ = {
			isa = PBXFrameworksBuildPhase;
			buildActionMask = 2147483647;
			files = (
			);
			runOnlyForDeploymentPostprocessing = 0;
		};
		048F67AA2BB2481E001E6443 /* Frameworks */ = {
			isa = PBXFrameworksBuildPhase;
			buildActionMask = 2147483647;
			files = (
			);
			runOnlyForDeploymentPostprocessing = 0;
		};
/* End PBXFrameworksBuildPhase section */

/* Begin PBXGroup section */
		048F67812BB2481C001E6443 = {
			isa = PBXGroup;
			children = (
				048F678C2BB2481C001E6443 /* GitMate */,
				048F67A62BB2481E001E6443 /* GitMateTests */,
				048F67B02BB2481E001E6443 /* GitMateUITests */,
				048F678B2BB2481C001E6443 /* Products */,
			);
			sourceTree = "<group>";
		};
		048F678B2BB2481C001E6443 /* Products */ = {
			isa = PBXGroup;
			children = (
				048F678A2BB2481C001E6443 /* GitMate.app */,
				048F67A32BB2481E001E6443 /* GitMateTests.xctest */,
				048F67AD2BB2481E001E6443 /* GitMateUITests.xctest */,
			);
			name = Products;
			sourceTree = "<group>";
		};
		048F678C2BB2481C001E6443 /* GitMate */ = {
			isa = PBXGroup;
			children = (
				048F678D2BB2481C001E6443 /* AppDelegate.swift */,
				048F678F2BB2481C001E6443 /* SceneDelegate.swift */,
				048F67912BB2481C001E6443 /* ViewController.swift */,
				048F67932BB2481C001E6443 /* Main.storyboard */,
				048F67992BB2481E001E6443 /* Assets.xcassets */,
				048F679B2BB2481E001E6443 /* LaunchScreen.storyboard */,
				048F679E2BB2481E001E6443 /* Info.plist */,
				048F67962BB2481C001E6443 /* GitMate.xcdatamodeld */,
			);
			path = GitMate;
			sourceTree = "<group>";
		};
		048F67A62BB2481E001E6443 /* GitMateTests */ = {
			isa = PBXGroup;
			children = (
				048F67A72BB2481E001E6443 /* GitMateTests.swift */,
			);
			path = GitMateTests;
			sourceTree = "<group>";
		};
		048F67B02BB2481E001E6443 /* GitMateUITests */ = {
			isa = PBXGroup;
			children = (
				048F67B12BB2481E001E6443 /* GitMateUITests.swift */,
				048F67B32BB2481E001E6443 /* GitMateUITestsLaunchTests.swift */,
			);
			path = GitMateUITests;
			sourceTree = "<group>";
		};
/* End PBXGroup section */

/* Begin PBXNativeTarget section */
		048F67892BB2481C001E6443 /* GitMate */ = {
			isa = PBXNativeTarget;
			buildConfigurationList = 048F67B72BB2481E001E6443 /* Build configuration list for PBXNativeTarget "GitMate" */;
			buildPhases = (
				048F67862BB2481C001E6443 /* Sources */,
				048F67872BB2481C001E6443 /* Frameworks */,
				048F67882BB2481C001E6443 /* Resources */,
			);
			buildRules = (
			);
			dependencies = (
			);
			name = GitMate;
			productName = GitMate;
			productReference = 048F678A2BB2481C001E6443 /* GitMate.app */;
			productType = "com.apple.product-type.application";
		};
		048F67A22BB2481E001E6443 /* GitMateTests */ = {
			isa = PBXNativeTarget;
			buildConfigurationList = 048F67BA2BB2481E001E6443 /* Build configuration list for PBXNativeTarget "GitMateTests" */;
			buildPhases = (
				048F679F2BB2481E001E6443 /* Sources */,
				048F67A02BB2481E001E6443 /* Frameworks */,
				048F67A12BB2481E001E6443 /* Resources */,
			);
			buildRules = (
			);
			dependencies = (
				048F67A52BB2481E001E6443 /* PBXTargetDependency */,
			);
			name = GitMateTests;
			productName = GitMateTests;
			productReference = 048F67A32BB2481E001E6443 /* GitMateTests.xctest */;
			productType = "com.apple.product-type.bundle.unit-test";
		};
		048F67AC2BB2481E001E6443 /* GitMateUITests */ = {
			isa = PBXNativeTarget;
			buildConfigurationList = 048F67BD2BB2481E001E6443 /* Build configuration list for PBXNativeTarget "GitMateUITests" */;
			buildPhases = (
				048F67A92BB2481E001E6443 /* Sources */,
				048F67AA2BB2481E001E6443 /* Frameworks */,
				048F67AB2BB2481E001E6443 /* Resources */,
			);
			buildRules = (
			);
			dependencies = (
				048F67AF2BB2481E001E6443 /* PBXTargetDependency */,
			);
			name = GitMateUITests;
			productName = GitMateUITests;
			productReference = 048F67AD2BB2481E001E6443 /* GitMateUITests.xctest */;
			productType = "com.apple.product-type.bundle.ui-testing";
		};
/* End PBXNativeTarget section */

/* Begin PBXProject section */
		048F67822BB2481C001E6443 /* Project object */ = {
			isa = PBXProject;
			attributes = {
				BuildIndependentTargetsInParallel = 1;
				LastSwiftUpdateCheck = 1510;
				LastUpgradeCheck = 1510;
				TargetAttributes = {
					048F67892BB2481C001E6443 = {
						CreatedOnToolsVersion = 15.1;
					};
					048F67A22BB2481E001E6443 = {
						CreatedOnToolsVersion = 15.1;
						TestTargetID = 048F67892BB2481C001E6443;
					};
					048F67AC2BB2481E001E6443 = {
						CreatedOnToolsVersion = 15.1;
						TestTargetID = 048F67892BB2481C001E6443;
					};
				};
			};
			buildConfigurationList = 048F67852BB2481C001E6443 /* Build configuration list for PBXProject "GitMate" */;
			compatibilityVersion = "Xcode 14.0";
			developmentRegion = en;
			hasScannedForEncodings = 0;
			knownRegions = (
				en,
				Base,
			);
			mainGroup = 048F67812BB2481C001E6443;
			productRefGroup = 048F678B2BB2481C001E6443 /* Products */;
			projectDirPath = "";
			projectRoot = "";
			targets = (
				048F67892BB2481C001E6443 /* GitMate */,
				048F67A22BB2481E001E6443 /* GitMateTests */,
				048F67AC2BB2481E001E6443 /* GitMateUITests */,
			);
		};
/* End PBXProject section */

/* Begin PBXResourcesBuildPhase section */
		048F67882BB2481C001E6443 /* Resources */ = {
			isa = PBXResourcesBuildPhase;
			buildActionMask = 2147483647;
			files = (
				048F679D2BB2481E001E6443 /* LaunchScreen.storyboard in Resources */,
				048F679A2BB2481E001E6443 /* Assets.xcassets in Resources */,
				048F67952BB2481C001E6443 /* Main.storyboard in Resources */,
			);
			runOnlyForDeploymentPostprocessing = 0;
		};
		048F67A12BB2481E001E6443 /* Resources */ = {
			isa = PBXResourcesBuildPhase;
			buildActionMask = 2147483647;
			files = (
			);
			runOnlyForDeploymentPostprocessing = 0;
		};
		048F67AB2BB2481E001E6443 /* Resources */ = {
			isa = PBXResourcesBuildPhase;
			buildActionMask = 2147483647;
			files = (
			);
			runOnlyForDeploymentPostprocessing = 0;
		};
/* End PBXResourcesBuildPhase section */

/* Begin PBXSourcesBuildPhase section */
		048F67862BB2481C001E6443 /* Sources */ = {
			isa = PBXSourcesBuildPhase;
			buildActionMask = 2147483647;
			files = (
				048F67922BB2481C001E6443 /* ViewController.swift in Sources */,
				048F678E2BB2481C001E6443 /* AppDelegate.swift in Sources */,
				048F67902BB2481C001E6443 /* SceneDelegate.swift in Sources */,
				048F67982BB2481C001E6443 /* GitMate.xcdatamodeld in Sources */,
			);
			runOnlyForDeploymentPostprocessing = 0;
		};
		048F679F2BB2481E001E6443 /* Sources */ = {
			isa = PBXSourcesBuildPhase;
			buildActionMask = 2147483647;
			files = (
				048F67A82BB2481E001E6443 /* GitMateTests.swift in Sources */,
			);
			runOnlyForDeploymentPostprocessing = 0;
		};
		048F67A92BB2481E001E6443 /* Sources */ = {
			isa = PBXSourcesBuildPhase;
			buildActionMask = 2147483647;
			files = (
				048F67B42BB2481E001E6443 /* GitMateUITestsLaunchTests.swift in Sources */,
				048F67B22BB2481E001E6443 /* GitMateUITests.swift in Sources */,
			);
			runOnlyForDeploymentPostprocessing = 0;
		};
/* End PBXSourcesBuildPhase section */

/* Begin PBXTargetDependency section */
		048F67A52BB2481E001E6443 /* PBXTargetDependency */ = {
			isa = PBXTargetDependency;
			target = 048F67892BB2481C001E6443 /* GitMate */;
			targetProxy = 048F67A42BB2481E001E6443 /* PBXContainerItemProxy */;
		};
		048F67AF2BB2481E001E6443 /* PBXTargetDependency */ = {
			isa = PBXTargetDependency;
			target = 048F67892BB2481C001E6443 /* GitMate */;
			targetProxy = 048F67AE2BB2481E001E6443 /* PBXContainerItemProxy */;
		};
/* End PBXTargetDependency section */

/* Begin PBXVariantGroup section */
		048F67932BB2481C001E6443 /* Main.storyboard */ = {
			isa = PBXVariantGroup;
			children = (
				048F67942BB2481C001E6443 /* Base */,
			);
			name = Main.storyboard;
			sourceTree = "<group>";
		};
		048F679B2BB2481E001E6443 /* LaunchScreen.storyboard */ = {
			isa = PBXVariantGroup;
			children = (
				048F679C2BB2481E001E6443 /* Base */,
			);
			name = LaunchScreen.storyboard;
			sourceTree = "<group>";
		};
/* End PBXVariantGroup section */

/* Begin XCBuildConfiguration section */
		048F67B52BB2481E001E6443 /* Debug */ = {
			isa = XCBuildConfiguration;
			buildSettings = {
				ALWAYS_SEARCH_USER_PATHS = NO;
				ASSETCATALOG_COMPILER_GENERATE_SWIFT_ASSET_SYMBOL_EXTENSIONS = YES;
				CLANG_ANALYZER_NONNULL = YES;
				CLANG_ANALYZER_NUMBER_OBJECT_CONVERSION = YES_AGGRESSIVE;
				CLANG_CXX_LANGUAGE_STANDARD = "gnu++20";
				CLANG_ENABLE_MODULES = YES;
				CLANG_ENABLE_OBJC_ARC = YES;
				CLANG_ENABLE_OBJC_WEAK = YES;
				CLANG_WARN_BLOCK_CAPTURE_AUTORELEASING = YES;
				CLANG_WARN_BOOL_CONVERSION = YES;
				CLANG_WARN_COMMA = YES;
				CLANG_WARN_CONSTANT_CONVERSION = YES;
				CLANG_WARN_DEPRECATED_OBJC_IMPLEMENTATIONS = YES;
				CLANG_WARN_DIRECT_OBJC_ISA_USAGE = YES_ERROR;
				CLANG_WARN_DOCUMENTATION_COMMENTS = YES;
				CLANG_WARN_EMPTY_BODY = YES;
				CLANG_WARN_ENUM_CONVERSION = YES;
				CLANG_WARN_INFINITE_RECURSION = YES;
				CLANG_WARN_INT_CONVERSION = YES;
				CLANG_WARN_NON_LITERAL_NULL_CONVERSION = YES;
				CLANG_WARN_OBJC_IMPLICIT_RETAIN_SELF = YES;
				CLANG_WARN_OBJC_LITERAL_CONVERSION = YES;
				CLANG_WARN_OBJC_ROOT_CLASS = YES_ERROR;
				CLANG_WARN_QUOTED_INCLUDE_IN_FRAMEWORK_HEADER = YES;
				CLANG_WARN_RANGE_LOOP_ANALYSIS = YES;
				CLANG_WARN_STRICT_PROTOTYPES = YES;
				CLANG_WARN_SUSPICIOUS_MOVE = YES;
				CLANG_WARN_UNGUARDED_AVAILABILITY = YES_AGGRESSIVE;
				CLANG_WARN_UNREACHABLE_CODE = YES;
				CLANG_WARN__DUPLICATE_METHOD_MATCH = YES;
				COPY_PHASE_STRIP = NO;
				DEBUG_INFORMATION_FORMAT = dwarf;
				ENABLE_STRICT_OBJC_MSGSEND = YES;
				ENABLE_TESTABILITY = YES;
				ENABLE_USER_SCRIPT_SANDBOXING = YES;
				GCC_C_LANGUAGE_STANDARD = gnu17;
				GCC_DYNAMIC_NO_PIC = NO;
				GCC_NO_COMMON_BLOCKS = YES;
				GCC_OPTIMIZATION_LEVEL = 0;
				GCC_PREPROCESSOR_DEFINITIONS = (
					"DEBUG=1",
					"$(inherited)",
				);
				GCC_WARN_64_TO_32_BIT_CONVERSION = YES;
				GCC_WARN_ABOUT_RETURN_TYPE = YES_ERROR;
				GCC_WARN_UNDECLARED_SELECTOR = YES;
				GCC_WARN_UNINITIALIZED_AUTOS = YES_AGGRESSIVE;
				GCC_WARN_UNUSED_FUNCTION = YES;
				GCC_WARN_UNUSED_VARIABLE = YES;
				IPHONEOS_DEPLOYMENT_TARGET = 17.2;
				LOCALIZATION_PREFERS_STRING_CATALOGS = YES;
				MTL_ENABLE_DEBUG_INFO = INCLUDE_SOURCE;
				MTL_FAST_MATH = YES;
				ONLY_ACTIVE_ARCH = YES;
				SDKROOT = iphoneos;
				SWIFT_ACTIVE_COMPILATION_CONDITIONS = "DEBUG $(inherited)";
				SWIFT_OPTIMIZATION_LEVEL = "-Onone";
			};
			name = Debug;
		};
		048F67B62BB2481E001E6443 /* Release */ = {
			isa = XCBuildConfiguration;
			buildSettings = {
				ALWAYS_SEARCH_USER_PATHS = NO;
				ASSETCATALOG_COMPILER_GENERATE_SWIFT_ASSET_SYMBOL_EXTENSIONS = YES;
				CLANG_ANALYZER_NONNULL = YES;
				CLANG_ANALYZER_NUMBER_OBJECT_CONVERSION = YES_AGGRESSIVE;
				CLANG_CXX_LANGUAGE_STANDARD = "gnu++20";
				CLANG_ENABLE_MODULES = YES;
				CLANG_ENABLE_OBJC_ARC = YES;
				CLANG_ENABLE_OBJC_WEAK = YES;
				CLANG_WARN_BLOCK_CAPTURE_AUTORELEASING = YES;
				CLANG_WARN_BOOL_CONVERSION = YES;
				CLANG_WARN_COMMA = YES;
				CLANG_WARN_CONSTANT_CONVERSION = YES;
				CLANG_WARN_DEPRECATED_OBJC_IMPLEMENTATIONS = YES;
				CLANG_WARN_DIRECT_OBJC_ISA_USAGE = YES_ERROR;
				CLANG_WARN_DOCUMENTATION_COMMENTS = YES;
				CLANG_WARN_EMPTY_BODY = YES;
				CLANG_WARN_ENUM_CONVERSION = YES;
				CLANG_WARN_INFINITE_RECURSION = YES;
				CLANG_WARN_INT_CONVERSION = YES;
				CLANG_WARN_NON_LITERAL_NULL_CONVERSION = YES;
				CLANG_WARN_OBJC_IMPLICIT_RETAIN_SELF = YES;
				CLANG_WARN_OBJC_LITERAL_CONVERSION = YES;
				CLANG_WARN_OBJC_ROOT_CLASS = YES_ERROR;
				CLANG_WARN_QUOTED_INCLUDE_IN_FRAMEWORK_HEADER = YES;
				CLANG_WARN_RANGE_LOOP_ANALYSIS = YES;
				CLANG_WARN_STRICT_PROTOTYPES = YES;
				CLANG_WARN_SUSPICIOUS_MOVE = YES;
				CLANG_WARN_UNGUARDED_AVAILABILITY = YES_AGGRESSIVE;
				CLANG_WARN_UNREACHABLE_CODE = YES;
				CLANG_WARN__DUPLICATE_METHOD_MATCH = YES;
				COPY_PHASE_STRIP = NO;
				DEBUG_INFORMATION_FORMAT = "dwarf-with-dsym";
				ENABLE_NS_ASSERTIONS = NO;
				ENABLE_STRICT_OBJC_MSGSEND = YES;
				ENABLE_USER_SCRIPT_SANDBOXING = YES;
				GCC_C_LANGUAGE_STANDARD = gnu17;
				GCC_NO_COMMON_BLOCKS = YES;
				GCC_WARN_64_TO_32_BIT_CONVERSION = YES;
				GCC_WARN_ABOUT_RETURN_TYPE = YES_ERROR;
				GCC_WARN_UNDECLARED_SELECTOR = YES;
				GCC_WARN_UNINITIALIZED_AUTOS = YES_AGGRESSIVE;
				GCC_WARN_UNUSED_FUNCTION = YES;
				GCC_WARN_UNUSED_VARIABLE = YES;
				IPHONEOS_DEPLOYMENT_TARGET = 17.2;
				LOCALIZATION_PREFERS_STRING_CATALOGS = YES;
				MTL_ENABLE_DEBUG_INFO = NO;
				MTL_FAST_MATH = YES;
				SDKROOT = iphoneos;
				SWIFT_COMPILATION_MODE = wholemodule;
				VALIDATE_PRODUCT = YES;
			};
			name = Release;
		};
		048F67B82BB2481E001E6443 /* Debug */ = {
			isa = XCBuildConfiguration;
			buildSettings = {
				ASSETCATALOG_COMPILER_APPICON_NAME = AppIcon;
				ASSETCATALOG_COMPILER_GLOBAL_ACCENT_COLOR_NAME = AccentColor;
				CODE_SIGN_STYLE = Automatic;
				CURRENT_PROJECT_VERSION = 1;
				GENERATE_INFOPLIST_FILE = YES;
				INFOPLIST_FILE = GitMate/Info.plist;
				INFOPLIST_KEY_UIApplicationSupportsIndirectInputEvents = YES;
				INFOPLIST_KEY_UILaunchStoryboardName = LaunchScreen;
				INFOPLIST_KEY_UIMainStoryboardFile = Main;
				INFOPLIST_KEY_UISupportedInterfaceOrientations_iPad = "UIInterfaceOrientationPortrait UIInterfaceOrientationPortraitUpsideDown UIInterfaceOrientationLandscapeLeft UIInterfaceOrientationLandscapeRight";
				INFOPLIST_KEY_UISupportedInterfaceOrientations_iPhone = "UIInterfaceOrientationPortrait UIInterfaceOrientationLandscapeLeft UIInterfaceOrientationLandscapeRight";
				LD_RUNPATH_SEARCH_PATHS = (
					"$(inherited)",
					"@executable_path/Frameworks",
				);
				MARKETING_VERSION = 1.0;
				PRODUCT_BUNDLE_IDENTIFIER = ITI.GitMate;
				PRODUCT_NAME = "$(TARGET_NAME)";
				SWIFT_EMIT_LOC_STRINGS = YES;
				SWIFT_VERSION = 5.0;
				TARGETED_DEVICE_FAMILY = "1,2";
			};
			name = Debug;
		};
		048F67B92BB2481E001E6443 /* Release */ = {
			isa = XCBuildConfiguration;
			buildSettings = {
				ASSETCATALOG_COMPILER_APPICON_NAME = AppIcon;
				ASSETCATALOG_COMPILER_GLOBAL_ACCENT_COLOR_NAME = AccentColor;
				CODE_SIGN_STYLE = Automatic;
				CURRENT_PROJECT_VERSION = 1;
				GENERATE_INFOPLIST_FILE = YES;
				INFOPLIST_FILE = GitMate/Info.plist;
				INFOPLIST_KEY_UIApplicationSupportsIndirectInputEvents = YES;
				INFOPLIST_KEY_UILaunchStoryboardName = LaunchScreen;
				INFOPLIST_KEY_UIMainStoryboardFile = Main;
				INFOPLIST_KEY_UISupportedInterfaceOrientations_iPad = "UIInterfaceOrientationPortrait UIInterfaceOrientationPortraitUpsideDown UIInterfaceOrientationLandscapeLeft UIInterfaceOrientationLandscapeRight";
				INFOPLIST_KEY_UISupportedInterfaceOrientations_iPhone = "UIInterfaceOrientationPortrait UIInterfaceOrientationLandscapeLeft UIInterfaceOrientationLandscapeRight";
				LD_RUNPATH_SEARCH_PATHS = (
					"$(inherited)",
					"@executable_path/Frameworks",
				);
				MARKETING_VERSION = 1.0;
				PRODUCT_BUNDLE_IDENTIFIER = ITI.GitMate;
				PRODUCT_NAME = "$(TARGET_NAME)";
				SWIFT_EMIT_LOC_STRINGS = YES;
				SWIFT_VERSION = 5.0;
				TARGETED_DEVICE_FAMILY = "1,2";
			};
			name = Release;
		};
		048F67BB2BB2481E001E6443 /* Debug */ = {
			isa = XCBuildConfiguration;
			buildSettings = {
				ALWAYS_EMBED_SWIFT_STANDARD_LIBRARIES = YES;
				BUNDLE_LOADER = "$(TEST_HOST)";
				CODE_SIGN_STYLE = Automatic;
				CURRENT_PROJECT_VERSION = 1;
				GENERATE_INFOPLIST_FILE = YES;
				IPHONEOS_DEPLOYMENT_TARGET = 17.2;
				MARKETING_VERSION = 1.0;
				PRODUCT_BUNDLE_IDENTIFIER = ITI.GitMateTests;
				PRODUCT_NAME = "$(TARGET_NAME)";
				SWIFT_EMIT_LOC_STRINGS = NO;
				SWIFT_VERSION = 5.0;
				TARGETED_DEVICE_FAMILY = "1,2";
				TEST_HOST = "$(BUILT_PRODUCTS_DIR)/GitMate.app/$(BUNDLE_EXECUTABLE_FOLDER_PATH)/GitMate";
			};
			name = Debug;
		};
		048F67BC2BB2481E001E6443 /* Release */ = {
			isa = XCBuildConfiguration;
			buildSettings = {
				ALWAYS_EMBED_SWIFT_STANDARD_LIBRARIES = YES;
				BUNDLE_LOADER = "$(TEST_HOST)";
				CODE_SIGN_STYLE = Automatic;
				CURRENT_PROJECT_VERSION = 1;
				GENERATE_INFOPLIST_FILE = YES;
				IPHONEOS_DEPLOYMENT_TARGET = 17.2;
				MARKETING_VERSION = 1.0;
				PRODUCT_BUNDLE_IDENTIFIER = ITI.GitMateTests;
				PRODUCT_NAME = "$(TARGET_NAME)";
				SWIFT_EMIT_LOC_STRINGS = NO;
				SWIFT_VERSION = 5.0;
				TARGETED_DEVICE_FAMILY = "1,2";
				TEST_HOST = "$(BUILT_PRODUCTS_DIR)/GitMate.app/$(BUNDLE_EXECUTABLE_FOLDER_PATH)/GitMate";
			};
			name = Release;
		};
		048F67BE2BB2481E001E6443 /* Debug */ = {
			isa = XCBuildConfiguration;
			buildSettings = {
				ALWAYS_EMBED_SWIFT_STANDARD_LIBRARIES = YES;
				CODE_SIGN_STYLE = Automatic;
				CURRENT_PROJECT_VERSION = 1;
				GENERATE_INFOPLIST_FILE = YES;
				MARKETING_VERSION = 1.0;
				PRODUCT_BUNDLE_IDENTIFIER = ITI.GitMateUITests;
				PRODUCT_NAME = "$(TARGET_NAME)";
				SWIFT_EMIT_LOC_STRINGS = NO;
				SWIFT_VERSION = 5.0;
				TARGETED_DEVICE_FAMILY = "1,2";
				TEST_TARGET_NAME = GitMate;
			};
			name = Debug;
		};
		048F67BF2BB2481E001E6443 /* Release */ = {
			isa = XCBuildConfiguration;
			buildSettings = {
				ALWAYS_EMBED_SWIFT_STANDARD_LIBRARIES = YES;
				CODE_SIGN_STYLE = Automatic;
				CURRENT_PROJECT_VERSION = 1;
				GENERATE_INFOPLIST_FILE = YES;
				MARKETING_VERSION = 1.0;
				PRODUCT_BUNDLE_IDENTIFIER = ITI.GitMateUITests;
				PRODUCT_NAME = "$(TARGET_NAME)";
				SWIFT_EMIT_LOC_STRINGS = NO;
				SWIFT_VERSION = 5.0;
				TARGETED_DEVICE_FAMILY = "1,2";
				TEST_TARGET_NAME = GitMate;
			};
			name = Release;
		};
/* End XCBuildConfiguration section */

/* Begin XCConfigurationList section */
		048F67852BB2481C001E6443 /* Build configuration list for PBXProject "GitMate" */ = {
			isa = XCConfigurationList;
			buildConfigurations = (
				048F67B52BB2481E001E6443 /* Debug */,
				048F67B62BB2481E001E6443 /* Release */,
			);
			defaultConfigurationIsVisible = 0;
			defaultConfigurationName = Release;
		};
		048F67B72BB2481E001E6443 /* Build configuration list for PBXNativeTarget "GitMate" */ = {
			isa = XCConfigurationList;
			buildConfigurations = (
				048F67B82BB2481E001E6443 /* Debug */,
				048F67B92BB2481E001E6443 /* Release */,
			);
			defaultConfigurationIsVisible = 0;
			defaultConfigurationName = Release;
		};
		048F67BA2BB2481E001E6443 /* Build configuration list for PBXNativeTarget "GitMateTests" */ = {
			isa = XCConfigurationList;
			buildConfigurations = (
				048F67BB2BB2481E001E6443 /* Debug */,
				048F67BC2BB2481E001E6443 /* Release */,
			);
			defaultConfigurationIsVisible = 0;
			defaultConfigurationName = Release;
		};
		048F67BD2BB2481E001E6443 /* Build configuration list for PBXNativeTarget "GitMateUITests" */ = {
			isa = XCConfigurationList;
			buildConfigurations = (
				048F67BE2BB2481E001E6443 /* Debug */,
				048F67BF2BB2481E001E6443 /* Release */,
			);
			defaultConfigurationIsVisible = 0;
			defaultConfigurationName = Release;
		};
/* End XCConfigurationList section */

/* Begin XCVersionGroup section */
		048F67962BB2481C001E6443 /* GitMate.xcdatamodeld */ = {
			isa = XCVersionGroup;
			children = (
				048F67972BB2481C001E6443 /* GitMate.xcdatamodel */,
			);
			currentVersion = 048F67972BB2481C001E6443 /* GitMate.xcdatamodel */;
			path = GitMate.xcdatamodeld;
			sourceTree = "<group>";
			versionGroupType = wrapper.xcdatamodel;
		};
/* End XCVersionGroup section */
	};
	rootObject = 048F67822BB2481C001E6443 /* Project object */;
}
